
Microsoft Visual Studio Solution File, Format Version 12.00
# Visual Studio Version 17
VisualStudioVersion = 17.4.33403.182
MinimumVisualStudioVersion = 10.0.40219.1
Project("{FAE04EC0-301F-11D3-BF4B-00C04F79EFBC}") = "CinemaApp", "CinemaApp\CinemaApp.csproj", "{01AA110C-C64E-47FB-9217-A65BD3C6CDC8}"
EndProject
Project("{FAE04EC0-301F-11D3-BF4B-00C04F79EFBC}") = "CinemaLibrary", "CinemaLibrary\CinemaLibrary.csproj", "{F0F5CE60-3D1C-4BDF-BE04-2AF4E9BC4481}"
EndProject
Project("{FAE04EC0-301F-11D3-BF4B-00C04F79EFBC}") = "CinemaLibraryTests", "CinemaLibraryTests\CinemaLibraryTests.csproj", "{A43BC8A9-B460-4273-ACC4-AFECD0A2123F}"
EndProject
Global
	GlobalSection(SolutionConfigurationPlatforms) = preSolution
		Debug|Any CPU = Debug|Any CPU
		Release|Any CPU = Release|Any CPU
	EndGlobalSection
	GlobalSection(ProjectConfigurationPlatforms) = postSolution
		{01AA110C-C64E-47FB-9217-A65BD3C6CDC8}.Debug|Any CPU.ActiveCfg = Debug|Any CPU
		{01AA110C-C64E-47FB-9217-A65BD3C6CDC8}.Debug|Any CPU.Build.0 = Debug|Any CPU
		{01AA110C-C64E-47FB-9217-A65BD3C6CDC8}.Release|Any CPU.ActiveCfg = Release|Any CPU
		{01AA110C-C64E-47FB-9217-A65BD3C6CDC8}.Release|Any CPU.Build.0 = Release|Any CPU
		{F0F5CE60-3D1C-4BDF-BE04-2AF4E9BC4481}.Debug|Any CPU.ActiveCfg = Debug|Any CPU
		{F0F5CE60-3D1C-4BDF-BE04-2AF4E9BC4481}.Debug|Any CPU.Build.0 = Debug|Any CPU
		{F0F5CE60-3D1C-4BDF-BE04-2AF4E9BC4481}.Release|Any CPU.ActiveCfg = Release|Any CPU
		{F0F5CE60-3D1C-4BDF-BE04-2AF4E9BC4481}.Release|Any CPU.Build.0 = Release|Any CPU
		{A43BC8A9-B460-4273-ACC4-AFECD0A2123F}.Debug|Any CPU.ActiveCfg = Debug|Any CPU
		{A43BC8A9-B460-4273-ACC4-AFECD0A2123F}.Debug|Any CPU.Build.0 = Debug|Any CPU
		{A43BC8A9-B460-4273-ACC4-AFECD0A2123F}.Release|Any CPU.ActiveCfg = Release|Any CPU
		{A43BC8A9-B460-4273-ACC4-AFECD0A2123F}.Release|Any CPU.Build.0 = Release|Any CPU
	EndGlobalSection
	GlobalSection(SolutionProperties) = preSolution
		HideSolutionNode = FALSE
	EndGlobalSection
	GlobalSection(ExtensibilityGlobals) = postSolution
		SolutionGuid = {D9A59651-751C-4B18-B149-0DA5294AE819}
	EndGlobalSection
EndGlobal
